
Microsoft Visual Studio Solution File, Format Version 12.00
# Visual Studio 2012
Project("{FAE04EC0-301F-11D3-BF4B-00C04F79EFBC}") = "01.PrintHelloName", "01.PrintHelloName\01.PrintHelloName.csproj", "{D57EE0C0-2E40-4315-8E0C-AA7C1B943AD6}"
EndProject
Project("{FAE04EC0-301F-11D3-BF4B-00C04F79EFBC}") = "02.GetMaxOfThree", "02.GetMaxOfThree\02.GetMaxOfThree.csproj", "{9112B55D-C84D-4C02-AF3C-A9820A8C7021}"
EndProject
Project("{FAE04EC0-301F-11D3-BF4B-00C04F79EFBC}") = "03.ReturnLastDigitAsWord", "03.ReturnLastDigitAsWord\03.ReturnLastDigitAsWord.csproj", "{04AE754E-3076-4177-8517-3588EFA826EA}"
EndProject
Project("{FAE04EC0-301F-11D3-BF4B-00C04F79EFBC}") = "04.CheckHowManyTimesAppearInArray", "04.CheckHowManyTimesAppearInArray\04.CheckHowManyTimesAppearInArray.csproj", "{F75A252D-15E6-4144-A27E-C0829E72EE90}"
EndProject
Project("{FAE04EC0-301F-11D3-BF4B-00C04F79EFBC}") = "05.CheckIsItBiggerThanHisNeighbors", "05.CheckIsItBiggerThanHisNeighbors\05.CheckIsItBiggerThanHisNeighbors.csproj", "{5851793A-0421-4AB7-802F-AB49E28DC8D2}"
EndProject
Project("{FAE04EC0-301F-11D3-BF4B-00C04F79EFBC}") = "06.ReturnIndexOfFirstBigger", "06.ReturnIndexOfFirstBigger\06.ReturnIndexOfFirstBigger.csproj", "{96B83C6F-3B2F-452C-B12C-D518677987A4}"
EndProject
Project("{FAE04EC0-301F-11D3-BF4B-00C04F79EFBC}") = "07.ReverseDigits", "07.ReverseDigits\07.ReverseDigits.csproj", "{A592FFB4-E40B-4B30-B682-34C5E7DB9C29}"
EndProject
Project("{FAE04EC0-301F-11D3-BF4B-00C04F79EFBC}") = "08.ReversedArrayOfDigits", "08.ReversedArrayOfDigits\08.ReversedArrayOfDigits.csproj", "{A24634FA-4932-4DEB-A455-FFFF471AA315}"
EndProject
Project("{FAE04EC0-301F-11D3-BF4B-00C04F79EFBC}") = "09.ReturnMaxAndSort", "09.ReturnMaxAndSort\09.ReturnMaxAndSort.csproj", "{53A9C3FB-0DF7-40F1-AC1B-B41E188E53E1}"
EndProject
Project("{FAE04EC0-301F-11D3-BF4B-00C04F79EFBC}") = "10.Factorial1_100", "10.Factorial1_100\10.Factorial1_100.csproj", "{6C8B4461-5727-4623-9C14-A3C4BB9E9329}"
EndProject
Project("{FAE04EC0-301F-11D3-BF4B-00C04F79EFBC}") = "11.AddTwoPolynomials", "11.AddTwoPolynomials\11.AddTwoPolynomials.csproj", "{1FBB940F-9CCB-4E79-B9D6-30545A9CFE1F}"
EndProject
Project("{FAE04EC0-301F-11D3-BF4B-00C04F79EFBC}") = "12.SubtractAndMultiplyPolynomials", "12.SubtractAndMultiplyPolynomials\12.SubtractAndMultiplyPolynomials.csproj", "{88FB8FB5-17B0-4CBE-BA99-479D232C78F8}"
EndProject
Project("{FAE04EC0-301F-11D3-BF4B-00C04F79EFBC}") = "14.ReturnMinMaxAvgSum", "14.ReturnMinMaxAvgSum\14.ReturnMinMaxAvgSum.csproj", "{6C6D22D2-A2DD-44BB-A510-2F5DFFAA0947}"
EndProject
Project("{FAE04EC0-301F-11D3-BF4B-00C04F79EFBC}") = "13.SolveManyTasks", "13.SolveManyTasks\13.SolveManyTasks.csproj", "{8E21BBE2-4BA8-4881-A2A3-3D2414D27D92}"
EndProject
Project("{FAE04EC0-301F-11D3-BF4B-00C04F79EFBC}") = "15.GenericMethodInCSharp", "15.GenericMethodInCSharp\15.GenericMethodInCSharp.csproj", "{F63277FA-AF63-433B-8B55-CDCA2FAE9D27}"
EndProject
Global
	GlobalSection(SolutionConfigurationPlatforms) = preSolution
		Debug|Any CPU = Debug|Any CPU
		Release|Any CPU = Release|Any CPU
	EndGlobalSection
	GlobalSection(ProjectConfigurationPlatforms) = postSolution
		{D57EE0C0-2E40-4315-8E0C-AA7C1B943AD6}.Debug|Any CPU.ActiveCfg = Debug|Any CPU
		{D57EE0C0-2E40-4315-8E0C-AA7C1B943AD6}.Debug|Any CPU.Build.0 = Debug|Any CPU
		{D57EE0C0-2E40-4315-8E0C-AA7C1B943AD6}.Release|Any CPU.ActiveCfg = Release|Any CPU
		{D57EE0C0-2E40-4315-8E0C-AA7C1B943AD6}.Release|Any CPU.Build.0 = Release|Any CPU
		{9112B55D-C84D-4C02-AF3C-A9820A8C7021}.Debug|Any CPU.ActiveCfg = Debug|Any CPU
		{9112B55D-C84D-4C02-AF3C-A9820A8C7021}.Debug|Any CPU.Build.0 = Debug|Any CPU
		{9112B55D-C84D-4C02-AF3C-A9820A8C7021}.Release|Any CPU.ActiveCfg = Release|Any CPU
		{9112B55D-C84D-4C02-AF3C-A9820A8C7021}.Release|Any CPU.Build.0 = Release|Any CPU
		{04AE754E-3076-4177-8517-3588EFA826EA}.Debug|Any CPU.ActiveCfg = Debug|Any CPU
		{04AE754E-3076-4177-8517-3588EFA826EA}.Debug|Any CPU.Build.0 = Debug|Any CPU
		{04AE754E-3076-4177-8517-3588EFA826EA}.Release|Any CPU.ActiveCfg = Release|Any CPU
		{04AE754E-3076-4177-8517-3588EFA826EA}.Release|Any CPU.Build.0 = Release|Any CPU
		{F75A252D-15E6-4144-A27E-C0829E72EE90}.Debug|Any CPU.ActiveCfg = Debug|Any CPU
		{F75A252D-15E6-4144-A27E-C0829E72EE90}.Debug|Any CPU.Build.0 = Debug|Any CPU
		{F75A252D-15E6-4144-A27E-C0829E72EE90}.Release|Any CPU.ActiveCfg = Release|Any CPU
		{F75A252D-15E6-4144-A27E-C0829E72EE90}.Release|Any CPU.Build.0 = Release|Any CPU
		{5851793A-0421-4AB7-802F-AB49E28DC8D2}.Debug|Any CPU.ActiveCfg = Debug|Any CPU
		{5851793A-0421-4AB7-802F-AB49E28DC8D2}.Debug|Any CPU.Build.0 = Debug|Any CPU
		{5851793A-0421-4AB7-802F-AB49E28DC8D2}.Release|Any CPU.ActiveCfg = Release|Any CPU
		{5851793A-0421-4AB7-802F-AB49E28DC8D2}.Release|Any CPU.Build.0 = Release|Any CPU
		{96B83C6F-3B2F-452C-B12C-D518677987A4}.Debug|Any CPU.ActiveCfg = Debug|Any CPU
		{96B83C6F-3B2F-452C-B12C-D518677987A4}.Debug|Any CPU.Build.0 = Debug|Any CPU
		{96B83C6F-3B2F-452C-B12C-D518677987A4}.Release|Any CPU.ActiveCfg = Release|Any CPU
		{96B83C6F-3B2F-452C-B12C-D518677987A4}.Release|Any CPU.Build.0 = Release|Any CPU
		{A592FFB4-E40B-4B30-B682-34C5E7DB9C29}.Debug|Any CPU.ActiveCfg = Debug|Any CPU
		{A592FFB4-E40B-4B30-B682-34C5E7DB9C29}.Debug|Any CPU.Build.0 = Debug|Any CPU
		{A592FFB4-E40B-4B30-B682-34C5E7DB9C29}.Release|Any CPU.ActiveCfg = Release|Any CPU
		{A592FFB4-E40B-4B30-B682-34C5E7DB9C29}.Release|Any CPU.Build.0 = Release|Any CPU
		{A24634FA-4932-4DEB-A455-FFFF471AA315}.Debug|Any CPU.ActiveCfg = Debug|Any CPU
		{A24634FA-4932-4DEB-A455-FFFF471AA315}.Debug|Any CPU.Build.0 = Debug|Any CPU
		{A24634FA-4932-4DEB-A455-FFFF471AA315}.Release|Any CPU.ActiveCfg = Release|Any CPU
		{A24634FA-4932-4DEB-A455-FFFF471AA315}.Release|Any CPU.Build.0 = Release|Any CPU
		{53A9C3FB-0DF7-40F1-AC1B-B41E188E53E1}.Debug|Any CPU.ActiveCfg = Debug|Any CPU
		{53A9C3FB-0DF7-40F1-AC1B-B41E188E53E1}.Debug|Any CPU.Build.0 = Debug|Any CPU
		{53A9C3FB-0DF7-40F1-AC1B-B41E188E53E1}.Release|Any CPU.ActiveCfg = Release|Any CPU
		{53A9C3FB-0DF7-40F1-AC1B-B41E188E53E1}.Release|Any CPU.Build.0 = Release|Any CPU
		{6C8B4461-5727-4623-9C14-A3C4BB9E9329}.Debug|Any CPU.ActiveCfg = Debug|Any CPU
		{6C8B4461-5727-4623-9C14-A3C4BB9E9329}.Debug|Any CPU.Build.0 = Debug|Any CPU
		{6C8B4461-5727-4623-9C14-A3C4BB9E9329}.Release|Any CPU.ActiveCfg = Release|Any CPU
		{6C8B4461-5727-4623-9C14-A3C4BB9E9329}.Release|Any CPU.Build.0 = Release|Any CPU
		{1FBB940F-9CCB-4E79-B9D6-30545A9CFE1F}.Debug|Any CPU.ActiveCfg = Debug|Any CPU
		{1FBB940F-9CCB-4E79-B9D6-30545A9CFE1F}.Debug|Any CPU.Build.0 = Debug|Any CPU
		{1FBB940F-9CCB-4E79-B9D6-30545A9CFE1F}.Release|Any CPU.ActiveCfg = Release|Any CPU
		{1FBB940F-9CCB-4E79-B9D6-30545A9CFE1F}.Release|Any CPU.Build.0 = Release|Any CPU
		{88FB8FB5-17B0-4CBE-BA99-479D232C78F8}.Debug|Any CPU.ActiveCfg = Debug|Any CPU
		{88FB8FB5-17B0-4CBE-BA99-479D232C78F8}.Debug|Any CPU.Build.0 = Debug|Any CPU
		{88FB8FB5-17B0-4CBE-BA99-479D232C78F8}.Release|Any CPU.ActiveCfg = Release|Any CPU
		{88FB8FB5-17B0-4CBE-BA99-479D232C78F8}.Release|Any CPU.Build.0 = Release|Any CPU
		{6C6D22D2-A2DD-44BB-A510-2F5DFFAA0947}.Debug|Any CPU.ActiveCfg = Debug|Any CPU
		{6C6D22D2-A2DD-44BB-A510-2F5DFFAA0947}.Debug|Any CPU.Build.0 = Debug|Any CPU
		{6C6D22D2-A2DD-44BB-A510-2F5DFFAA0947}.Release|Any CPU.ActiveCfg = Release|Any CPU
		{6C6D22D2-A2DD-44BB-A510-2F5DFFAA0947}.Release|Any CPU.Build.0 = Release|Any CPU
		{8E21BBE2-4BA8-4881-A2A3-3D2414D27D92}.Debug|Any CPU.ActiveCfg = Debug|Any CPU
		{8E21BBE2-4BA8-4881-A2A3-3D2414D27D92}.Debug|Any CPU.Build.0 = Debug|Any CPU
		{8E21BBE2-4BA8-4881-A2A3-3D2414D27D92}.Release|Any CPU.ActiveCfg = Release|Any CPU
		{8E21BBE2-4BA8-4881-A2A3-3D2414D27D92}.Release|Any CPU.Build.0 = Release|Any CPU
		{F63277FA-AF63-433B-8B55-CDCA2FAE9D27}.Debug|Any CPU.ActiveCfg = Debug|Any CPU
		{F63277FA-AF63-433B-8B55-CDCA2FAE9D27}.Debug|Any CPU.Build.0 = Debug|Any CPU
		{F63277FA-AF63-433B-8B55-CDCA2FAE9D27}.Release|Any CPU.ActiveCfg = Release|Any CPU
		{F63277FA-AF63-433B-8B55-CDCA2FAE9D27}.Release|Any CPU.Build.0 = Release|Any CPU
	EndGlobalSection
	GlobalSection(SolutionProperties) = preSolution
		HideSolutionNode = FALSE
	EndGlobalSection
EndGlobal
